
Microsoft Visual Studio Solution File, Format Version 12.00
# Visual Studio Version 17
VisualStudioVersion = 17.7.34018.315
MinimumVisualStudioVersion = 10.0.40219.1
Project("{FAE04EC0-301F-11D3-BF4B-00C04F79EFBC}") = "ConsoleApp4", "ConsoleApp4\ConsoleApp4.csproj", "{972DFB3B-5345-4890-9809-11975B0560B7}"
EndProject
Global
	GlobalSection(SolutionConfigurationPlatforms) = preSolution
		Debug|Any CPU = Debug|Any CPU
		Release|Any CPU = Release|Any CPU
	EndGlobalSection
	GlobalSection(ProjectConfigurationPlatforms) = postSolution
		{972DFB3B-5345-4890-9809-11975B0560B7}.Debug|Any CPU.ActiveCfg = Debug|Any CPU
		{972DFB3B-5345-4890-9809-11975B0560B7}.Debug|Any CPU.Build.0 = Debug|Any CPU
		{972DFB3B-5345-4890-9809-11975B0560B7}.Release|Any CPU.ActiveCfg = Release|Any CPU
		{972DFB3B-5345-4890-9809-11975B0560B7}.Release|Any CPU.Build.0 = Release|Any CPU
	EndGlobalSection
	GlobalSection(SolutionProperties) = preSolution
		HideSolutionNode = FALSE
	EndGlobalSection
	GlobalSection(ExtensibilityGlobals) = postSolution
		SolutionGuid = {D3A9DB8C-0839-4A5B-B12A-45AFF7674837}
	EndGlobalSection
EndGlobal
